// !$*UTF8*$!
{
	archiveVersion = 1;
	classes = {
	};
	objectVersion = 46;
	objects = {

/* Begin PBXBuildFile section */
		2EE8359247BE105F329A3539 /* libPods-GHLCrashGuard_Example.a in Frameworks */ = {isa = PBXBuildFile; fileRef = E640416D59FDF841437EAE36 /* libPods-GHLCrashGuard_Example.a */; };
		6003F58E195388D20070C39A /* Foundation.framework in Frameworks */ = {isa = PBXBuildFile; fileRef = 6003F58D195388D20070C39A /* Foundation.framework */; };
		6003F590195388D20070C39A /* CoreGraphics.framework in Frameworks */ = {isa = PBXBuildFile; fileRef = 6003F58F195388D20070C39A /* CoreGraphics.framework */; };
		6003F592195388D20070C39A /* UIKit.framework in Frameworks */ = {isa = PBXBuildFile; fileRef = 6003F591195388D20070C39A /* UIKit.framework */; };
		6003F598195388D20070C39A /* InfoPlist.strings in Resources */ = {isa = PBXBuildFile; fileRef = 6003F596195388D20070C39A /* InfoPlist.strings */; };
		6003F59A195388D20070C39A /* main.m in Sources */ = {isa = PBXBuildFile; fileRef = 6003F599195388D20070C39A /* main.m */; };
		6003F59E195388D20070C39A /* GHLAppDelegate.m in Sources */ = {isa = PBXBuildFile; fileRef = 6003F59D195388D20070C39A /* GHLAppDelegate.m */; };
		6003F5A7195388D20070C39A /* GHLViewController.m in Sources */ = {isa = PBXBuildFile; fileRef = 6003F5A6195388D20070C39A /* GHLViewController.m */; };
		6003F5A9195388D20070C39A /* Images.xcassets in Resources */ = {isa = PBXBuildFile; fileRef = 6003F5A8195388D20070C39A /* Images.xcassets */; };
		6003F5B0195388D20070C39A /* XCTest.framework in Frameworks */ = {isa = PBXBuildFile; fileRef = 6003F5AF195388D20070C39A /* XCTest.framework */; };
		6003F5B1195388D20070C39A /* Foundation.framework in Frameworks */ = {isa = PBXBuildFile; fileRef = 6003F58D195388D20070C39A /* Foundation.framework */; };
		6003F5B2195388D20070C39A /* UIKit.framework in Frameworks */ = {isa = PBXBuildFile; fileRef = 6003F591195388D20070C39A /* UIKit.framework */; };
		6003F5BA195388D20070C39A /* InfoPlist.strings in Resources */ = {isa = PBXBuildFile; fileRef = 6003F5B8195388D20070C39A /* InfoPlist.strings */; };
		6003F5BC195388D20070C39A /* Tests.m in Sources */ = {isa = PBXBuildFile; fileRef = 6003F5BB195388D20070C39A /* Tests.m */; };
		71719F9F1E33DC2100824A3D /* LaunchScreen.storyboard in Resources */ = {isa = PBXBuildFile; fileRef = 71719F9D1E33DC2100824A3D /* LaunchScreen.storyboard */; };
		7523DFD222DF14D900FAD725 /* GHLTestView.m in Sources */ = {isa = PBXBuildFile; fileRef = 7523DFD122DF14D900FAD725 /* GHLTestView.m */; };
		754950E822E090AB00CDE628 /* GHLTestViewA.m in Sources */ = {isa = PBXBuildFile; fileRef = 754950E722E090AB00CDE628 /* GHLTestViewA.m */; };
		754950EB22E090B800CDE628 /* GHLTestViewB.m in Sources */ = {isa = PBXBuildFile; fileRef = 754950EA22E090B800CDE628 /* GHLTestViewB.m */; };
		754950EE22E091CC00CDE628 /* UIView+GHLTouch.m in Sources */ = {isa = PBXBuildFile; fileRef = 754950ED22E091CC00CDE628 /* UIView+GHLTouch.m */; };
		7583835422D83F3500C2AF54 /* GHLTimerViewController.m in Sources */ = {isa = PBXBuildFile; fileRef = 7583835322D83F3500C2AF54 /* GHLTimerViewController.m */; };
		7583835722D9BCAE00C2AF54 /* GHLKVOViewController.m in Sources */ = {isa = PBXBuildFile; fileRef = 7583835622D9BCAE00C2AF54 /* GHLKVOViewController.m */; };
		7583837322DE1FE200C2AF54 /* GHLViewController+A.m in Sources */ = {isa = PBXBuildFile; fileRef = 7583837222DE1FE200C2AF54 /* GHLViewController+A.m */; };
		75D369A822D340340086B2C6 /* GHLTestObject.m in Sources */ = {isa = PBXBuildFile; fileRef = 75D369A722D340340086B2C6 /* GHLTestObject.m */; };
		873B8AEB1B1F5CCA007FD442 /* Main.storyboard in Resources */ = {isa = PBXBuildFile; fileRef = 873B8AEA1B1F5CCA007FD442 /* Main.storyboard */; };
		99284948C637A433240439F5 /* libPods-GHLCrashGuard_Tests.a in Frameworks */ = {isa = PBXBuildFile; fileRef = A6D9B09315CB46D7D7933B1F /* libPods-GHLCrashGuard_Tests.a */; };
/* End PBXBuildFile section */

/* Begin PBXContainerItemProxy section */
		6003F5B3195388D20070C39A /* PBXContainerItemProxy */ = {
			isa = PBXContainerItemProxy;
			containerPortal = 6003F582195388D10070C39A /* Project object */;
			proxyType = 1;
			remoteGlobalIDString = 6003F589195388D20070C39A;
			remoteInfo = GHLCrashGuard;
		};
/* End PBXContainerItemProxy section */

/* Begin PBXFileReference section */
		5455849BAD59DFE10480AD7C /* GHLCrashGuard.podspec */ = {isa = PBXFileReference; includeInIndex = 1; lastKnownFileType = text; name = GHLCrashGuard.podspec; path = ../GHLCrashGuard.podspec; sourceTree = "<group>"; };
		6003F58A195388D20070C39A /* GHLCrashGuard_Example.app */ = {isa = PBXFileReference; explicitFileType = wrapper.application; includeInIndex = 0; path = GHLCrashGuard_Example.app; sourceTree = BUILT_PRODUCTS_DIR; };
		6003F58D195388D20070C39A /* Foundation.framework */ = {isa = PBXFileReference; lastKnownFileType = wrapper.framework; name = Foundation.framework; path = System/Library/Frameworks/Foundation.framework; sourceTree = SDKROOT; };
		6003F58F195388D20070C39A /* CoreGraphics.framework */ = {isa = PBXFileReference; lastKnownFileType = wrapper.framework; name = CoreGraphics.framework; path = System/Library/Frameworks/CoreGraphics.framework; sourceTree = SDKROOT; };
		6003F591195388D20070C39A /* UIKit.framework */ = {isa = PBXFileReference; lastKnownFileType = wrapper.framework; name = UIKit.framework; path = System/Library/Frameworks/UIKit.framework; sourceTree = SDKROOT; };
		6003F595195388D20070C39A /* GHLCrashGuard-Info.plist */ = {isa = PBXFileReference; lastKnownFileType = text.plist.xml; path = "GHLCrashGuard-Info.plist"; sourceTree = "<group>"; };
		6003F597195388D20070C39A /* en */ = {isa = PBXFileReference; lastKnownFileType = text.plist.strings; name = en; path = en.lproj/InfoPlist.strings; sourceTree = "<group>"; };
		6003F599195388D20070C39A /* main.m */ = {isa = PBXFileReference; lastKnownFileType = sourcecode.c.objc; path = main.m; sourceTree = "<group>"; };
		6003F59B195388D20070C39A /* GHLCrashGuard-Prefix.pch */ = {isa = PBXFileReference; lastKnownFileType = sourcecode.c.h; path = "GHLCrashGuard-Prefix.pch"; sourceTree = "<group>"; };
		6003F59C195388D20070C39A /* GHLAppDelegate.h */ = {isa = PBXFileReference; lastKnownFileType = sourcecode.c.h; path = GHLAppDelegate.h; sourceTree = "<group>"; };
		6003F59D195388D20070C39A /* GHLAppDelegate.m */ = {isa = PBXFileReference; lastKnownFileType = sourcecode.c.objc; path = GHLAppDelegate.m; sourceTree = "<group>"; };
		6003F5A5195388D20070C39A /* GHLViewController.h */ = {isa = PBXFileReference; lastKnownFileType = sourcecode.c.h; path = GHLViewController.h; sourceTree = "<group>"; };
		6003F5A6195388D20070C39A /* GHLViewController.m */ = {isa = PBXFileReference; lastKnownFileType = sourcecode.c.objc; path = GHLViewController.m; sourceTree = "<group>"; };
		6003F5A8195388D20070C39A /* Images.xcassets */ = {isa = PBXFileReference; lastKnownFileType = folder.assetcatalog; path = Images.xcassets; sourceTree = "<group>"; };
		6003F5AE195388D20070C39A /* GHLCrashGuard_Tests.xctest */ = {isa = PBXFileReference; explicitFileType = wrapper.cfbundle; includeInIndex = 0; path = GHLCrashGuard_Tests.xctest; sourceTree = BUILT_PRODUCTS_DIR; };
		6003F5AF195388D20070C39A /* XCTest.framework */ = {isa = PBXFileReference; lastKnownFileType = wrapper.framework; name = XCTest.framework; path = Library/Frameworks/XCTest.framework; sourceTree = DEVELOPER_DIR; };
		6003F5B7195388D20070C39A /* Tests-Info.plist */ = {isa = PBXFileReference; lastKnownFileType = text.plist.xml; path = "Tests-Info.plist"; sourceTree = "<group>"; };
		6003F5B9195388D20070C39A /* en */ = {isa = PBXFileReference; lastKnownFileType = text.plist.strings; name = en; path = en.lproj/InfoPlist.strings; sourceTree = "<group>"; };
		6003F5BB195388D20070C39A /* Tests.m */ = {isa = PBXFileReference; lastKnownFileType = sourcecode.c.objc; path = Tests.m; sourceTree = "<group>"; };
		606FC2411953D9B200FFA9A0 /* Tests-Prefix.pch */ = {isa = PBXFileReference; lastKnownFileType = sourcecode.c.h; path = "Tests-Prefix.pch"; sourceTree = "<group>"; };
		6CD53617C716E2D42BE49CCB /* README.md */ = {isa = PBXFileReference; includeInIndex = 1; lastKnownFileType = net.daringfireball.markdown; name = README.md; path = ../README.md; sourceTree = "<group>"; };
		71719F9E1E33DC2100824A3D /* Base */ = {isa = PBXFileReference; lastKnownFileType = file.storyboard; name = Base; path = Base.lproj/LaunchScreen.storyboard; sourceTree = "<group>"; };
		747B3EAEB0BAFB769F6E862E /* Pods-GHLCrashGuard_Example.debug.xcconfig */ = {isa = PBXFileReference; includeInIndex = 1; lastKnownFileType = text.xcconfig; name = "Pods-GHLCrashGuard_Example.debug.xcconfig"; path = "Target Support Files/Pods-GHLCrashGuard_Example/Pods-GHLCrashGuard_Example.debug.xcconfig"; sourceTree = "<group>"; };
		7523DFD022DF14D900FAD725 /* GHLTestView.h */ = {isa = PBXFileReference; lastKnownFileType = sourcecode.c.h; path = GHLTestView.h; sourceTree = "<group>"; };
		7523DFD122DF14D900FAD725 /* GHLTestView.m */ = {isa = PBXFileReference; lastKnownFileType = sourcecode.c.objc; path = GHLTestView.m; sourceTree = "<group>"; };
		754950E622E090AB00CDE628 /* GHLTestViewA.h */ = {isa = PBXFileReference; lastKnownFileType = sourcecode.c.h; path = GHLTestViewA.h; sourceTree = "<group>"; };
		754950E722E090AB00CDE628 /* GHLTestViewA.m */ = {isa = PBXFileReference; lastKnownFileType = sourcecode.c.objc; path = GHLTestViewA.m; sourceTree = "<group>"; };
		754950E922E090B800CDE628 /* GHLTestViewB.h */ = {isa = PBXFileReference; lastKnownFileType = sourcecode.c.h; path = GHLTestViewB.h; sourceTree = "<group>"; };
		754950EA22E090B800CDE628 /* GHLTestViewB.m */ = {isa = PBXFileReference; lastKnownFileType = sourcecode.c.objc; path = GHLTestViewB.m; sourceTree = "<group>"; };
		754950EC22E091CC00CDE628 /* UIView+GHLTouch.h */ = {isa = PBXFileReference; lastKnownFileType = sourcecode.c.h; path = "UIView+GHLTouch.h"; sourceTree = "<group>"; };
		754950ED22E091CC00CDE628 /* UIView+GHLTouch.m */ = {isa = PBXFileReference; lastKnownFileType = sourcecode.c.objc; path = "UIView+GHLTouch.m"; sourceTree = "<group>"; };
		7583835222D83F3500C2AF54 /* GHLTimerViewController.h */ = {isa = PBXFileReference; lastKnownFileType = sourcecode.c.h; path = GHLTimerViewController.h; sourceTree = "<group>"; };
		7583835322D83F3500C2AF54 /* GHLTimerViewController.m */ = {isa = PBXFileReference; lastKnownFileType = sourcecode.c.objc; path = GHLTimerViewController.m; sourceTree = "<group>"; };
		7583835522D9BCAE00C2AF54 /* GHLKVOViewController.h */ = {isa = PBXFileReference; lastKnownFileType = sourcecode.c.h; path = GHLKVOViewController.h; sourceTree = "<group>"; };
		7583835622D9BCAE00C2AF54 /* GHLKVOViewController.m */ = {isa = PBXFileReference; lastKnownFileType = sourcecode.c.objc; path = GHLKVOViewController.m; sourceTree = "<group>"; };
		7583837122DE1FE200C2AF54 /* GHLViewController+A.h */ = {isa = PBXFileReference; lastKnownFileType = sourcecode.c.h; path = "GHLViewController+A.h"; sourceTree = "<group>"; };
		7583837222DE1FE200C2AF54 /* GHLViewController+A.m */ = {isa = PBXFileReference; lastKnownFileType = sourcecode.c.objc; path = "GHLViewController+A.m"; sourceTree = "<group>"; };
		75D369A622D340340086B2C6 /* GHLTestObject.h */ = {isa = PBXFileReference; lastKnownFileType = sourcecode.c.h; path = GHLTestObject.h; sourceTree = "<group>"; };
		75D369A722D340340086B2C6 /* GHLTestObject.m */ = {isa = PBXFileReference; lastKnownFileType = sourcecode.c.objc; path = GHLTestObject.m; sourceTree = "<group>"; };
		873B8AEA1B1F5CCA007FD442 /* Main.storyboard */ = {isa = PBXFileReference; fileEncoding = 4; lastKnownFileType = file.storyboard; name = Main.storyboard; path = Base.lproj/Main.storyboard; sourceTree = "<group>"; };
		8BA6DBC9D7EF28A5B24BF961 /* LICENSE */ = {isa = PBXFileReference; includeInIndex = 1; lastKnownFileType = text; name = LICENSE; path = ../LICENSE; sourceTree = "<group>"; };
		9765D9FBB5C63460279CE2AD /* Pods-GHLCrashGuard_Tests.debug.xcconfig */ = {isa = PBXFileReference; includeInIndex = 1; lastKnownFileType = text.xcconfig; name = "Pods-GHLCrashGuard_Tests.debug.xcconfig"; path = "Target Support Files/Pods-GHLCrashGuard_Tests/Pods-GHLCrashGuard_Tests.debug.xcconfig"; sourceTree = "<group>"; };
		A6D9B09315CB46D7D7933B1F /* libPods-GHLCrashGuard_Tests.a */ = {isa = PBXFileReference; explicitFileType = archive.ar; includeInIndex = 0; path = "libPods-GHLCrashGuard_Tests.a"; sourceTree = BUILT_PRODUCTS_DIR; };
		CFD89B957A73A44DF61CC07D /* Pods-GHLCrashGuard_Tests.release.xcconfig */ = {isa = PBXFileReference; includeInIndex = 1; lastKnownFileType = text.xcconfig; name = "Pods-GHLCrashGuard_Tests.release.xcconfig"; path = "Target Support Files/Pods-GHLCrashGuard_Tests/Pods-GHLCrashGuard_Tests.release.xcconfig"; sourceTree = "<group>"; };
		E640416D59FDF841437EAE36 /* libPods-GHLCrashGuard_Example.a */ = {isa = PBXFileReference; explicitFileType = archive.ar; includeInIndex = 0; path = "libPods-GHLCrashGuard_Example.a"; sourceTree = BUILT_PRODUCTS_DIR; };
		FDD4932E4ADDD866C20570E2 /* Pods-GHLCrashGuard_Example.release.xcconfig */ = {isa = PBXFileReference; includeInIndex = 1; lastKnownFileType = text.xcconfig; name = "Pods-GHLCrashGuard_Example.release.xcconfig"; path = "Target Support Files/Pods-GHLCrashGuard_Example/Pods-GHLCrashGuard_Example.release.xcconfig"; sourceTree = "<group>"; };
/* End PBXFileReference section */

/* Begin PBXFrameworksBuildPhase section */
		6003F587195388D20070C39A /* Frameworks */ = {
			isa = PBXFrameworksBuildPhase;
			buildActionMask = 2147483647;
			files = (
				6003F590195388D20070C39A /* CoreGraphics.framework in Frameworks */,
				6003F592195388D20070C39A /* UIKit.framework in Frameworks */,
				6003F58E195388D20070C39A /* Foundation.framework in Frameworks */,
				2EE8359247BE105F329A3539 /* libPods-GHLCrashGuard_Example.a in Frameworks */,
			);
			runOnlyForDeploymentPostprocessing = 0;
		};
		6003F5AB195388D20070C39A /* Frameworks */ = {
			isa = PBXFrameworksBuildPhase;
			buildActionMask = 2147483647;
			files = (
				6003F5B0195388D20070C39A /* XCTest.framework in Frameworks */,
				6003F5B2195388D20070C39A /* UIKit.framework in Frameworks */,
				6003F5B1195388D20070C39A /* Foundation.framework in Frameworks */,
				99284948C637A433240439F5 /* libPods-GHLCrashGuard_Tests.a in Frameworks */,
			);
			runOnlyForDeploymentPostprocessing = 0;
		};
/* End PBXFrameworksBuildPhase section */

/* Begin PBXGroup section */
		6003F581195388D10070C39A = {
			isa = PBXGroup;
			children = (
				60FF7A9C1954A5C5007DD14C /* Podspec Metadata */,
				6003F593195388D20070C39A /* Example for GHLCrashGuard */,
				6003F5B5195388D20070C39A /* Tests */,
				6003F58C195388D20070C39A /* Frameworks */,
				6003F58B195388D20070C39A /* Products */,
				F9A36BB2A21239979A59F351 /* Pods */,
			);
			sourceTree = "<group>";
		};
		6003F58B195388D20070C39A /* Products */ = {
			isa = PBXGroup;
			children = (
				6003F58A195388D20070C39A /* GHLCrashGuard_Example.app */,
				6003F5AE195388D20070C39A /* GHLCrashGuard_Tests.xctest */,
			);
			name = Products;
			sourceTree = "<group>";
		};
		6003F58C195388D20070C39A /* Frameworks */ = {
			isa = PBXGroup;
			children = (
				6003F58D195388D20070C39A /* Foundation.framework */,
				6003F58F195388D20070C39A /* CoreGraphics.framework */,
				6003F591195388D20070C39A /* UIKit.framework */,
				6003F5AF195388D20070C39A /* XCTest.framework */,
				E640416D59FDF841437EAE36 /* libPods-GHLCrashGuard_Example.a */,
				A6D9B09315CB46D7D7933B1F /* libPods-GHLCrashGuard_Tests.a */,
			);
			name = Frameworks;
			sourceTree = "<group>";
		};
		6003F593195388D20070C39A /* Example for GHLCrashGuard */ = {
			isa = PBXGroup;
			children = (
				6003F59C195388D20070C39A /* GHLAppDelegate.h */,
				6003F59D195388D20070C39A /* GHLAppDelegate.m */,
				873B8AEA1B1F5CCA007FD442 /* Main.storyboard */,
				6003F5A5195388D20070C39A /* GHLViewController.h */,
				6003F5A6195388D20070C39A /* GHLViewController.m */,
				7583837122DE1FE200C2AF54 /* GHLViewController+A.h */,
				7583837222DE1FE200C2AF54 /* GHLViewController+A.m */,
				7583835522D9BCAE00C2AF54 /* GHLKVOViewController.h */,
				7583835622D9BCAE00C2AF54 /* GHLKVOViewController.m */,
				7583835222D83F3500C2AF54 /* GHLTimerViewController.h */,
				7583835322D83F3500C2AF54 /* GHLTimerViewController.m */,
				75D369A622D340340086B2C6 /* GHLTestObject.h */,
				75D369A722D340340086B2C6 /* GHLTestObject.m */,
				754950E622E090AB00CDE628 /* GHLTestViewA.h */,
				754950E722E090AB00CDE628 /* GHLTestViewA.m */,
				754950E922E090B800CDE628 /* GHLTestViewB.h */,
				754950EA22E090B800CDE628 /* GHLTestViewB.m */,
				7523DFD022DF14D900FAD725 /* GHLTestView.h */,
				7523DFD122DF14D900FAD725 /* GHLTestView.m */,
				754950EC22E091CC00CDE628 /* UIView+GHLTouch.h */,
				754950ED22E091CC00CDE628 /* UIView+GHLTouch.m */,
				71719F9D1E33DC2100824A3D /* LaunchScreen.storyboard */,
				6003F5A8195388D20070C39A /* Images.xcassets */,
				6003F594195388D20070C39A /* Supporting Files */,
			);
			name = "Example for GHLCrashGuard";
			path = GHLCrashGuard;
			sourceTree = "<group>";
		};
		6003F594195388D20070C39A /* Supporting Files */ = {
			isa = PBXGroup;
			children = (
				6003F595195388D20070C39A /* GHLCrashGuard-Info.plist */,
				6003F596195388D20070C39A /* InfoPlist.strings */,
				6003F599195388D20070C39A /* main.m */,
				6003F59B195388D20070C39A /* GHLCrashGuard-Prefix.pch */,
			);
			name = "Supporting Files";
			sourceTree = "<group>";
		};
		6003F5B5195388D20070C39A /* Tests */ = {
			isa = PBXGroup;
			children = (
				6003F5BB195388D20070C39A /* Tests.m */,
				6003F5B6195388D20070C39A /* Supporting Files */,
			);
			path = Tests;
			sourceTree = "<group>";
		};
		6003F5B6195388D20070C39A /* Supporting Files */ = {
			isa = PBXGroup;
			children = (
				6003F5B7195388D20070C39A /* Tests-Info.plist */,
				6003F5B8195388D20070C39A /* InfoPlist.strings */,
				606FC2411953D9B200FFA9A0 /* Tests-Prefix.pch */,
			);
			name = "Supporting Files";
			sourceTree = "<group>";
		};
		60FF7A9C1954A5C5007DD14C /* Podspec Metadata */ = {
			isa = PBXGroup;
			children = (
				5455849BAD59DFE10480AD7C /* GHLCrashGuard.podspec */,
				6CD53617C716E2D42BE49CCB /* README.md */,
				8BA6DBC9D7EF28A5B24BF961 /* LICENSE */,
			);
			name = "Podspec Metadata";
			sourceTree = "<group>";
		};
		F9A36BB2A21239979A59F351 /* Pods */ = {
			isa = PBXGroup;
			children = (
				747B3EAEB0BAFB769F6E862E /* Pods-GHLCrashGuard_Example.debug.xcconfig */,
				FDD4932E4ADDD866C20570E2 /* Pods-GHLCrashGuard_Example.release.xcconfig */,
				9765D9FBB5C63460279CE2AD /* Pods-GHLCrashGuard_Tests.debug.xcconfig */,
				CFD89B957A73A44DF61CC07D /* Pods-GHLCrashGuard_Tests.release.xcconfig */,
			);
			path = Pods;
			sourceTree = "<group>";
		};
/* End PBXGroup section */

/* Begin PBXNativeTarget section */
		6003F589195388D20070C39A /* GHLCrashGuard_Example */ = {
			isa = PBXNativeTarget;
			buildConfigurationList = 6003F5BF195388D20070C39A /* Build configuration list for PBXNativeTarget "GHLCrashGuard_Example" */;
			buildPhases = (
				AF35DC58D4A99EFE136B0F16 /* [CP] Check Pods Manifest.lock */,
				6003F586195388D20070C39A /* Sources */,
				6003F587195388D20070C39A /* Frameworks */,
				6003F588195388D20070C39A /* Resources */,
			);
			buildRules = (
			);
			dependencies = (
			);
			name = GHLCrashGuard_Example;
			productName = GHLCrashGuard;
			productReference = 6003F58A195388D20070C39A /* GHLCrashGuard_Example.app */;
			productType = "com.apple.product-type.application";
		};
		6003F5AD195388D20070C39A /* GHLCrashGuard_Tests */ = {
			isa = PBXNativeTarget;
			buildConfigurationList = 6003F5C2195388D20070C39A /* Build configuration list for PBXNativeTarget "GHLCrashGuard_Tests" */;
			buildPhases = (
				CF3CDCC04672D3A920E84E11 /* [CP] Check Pods Manifest.lock */,
				6003F5AA195388D20070C39A /* Sources */,
				6003F5AB195388D20070C39A /* Frameworks */,
				6003F5AC195388D20070C39A /* Resources */,
			);
			buildRules = (
			);
			dependencies = (
				6003F5B4195388D20070C39A /* PBXTargetDependency */,
			);
			name = GHLCrashGuard_Tests;
			productName = GHLCrashGuardTests;
			productReference = 6003F5AE195388D20070C39A /* GHLCrashGuard_Tests.xctest */;
			productType = "com.apple.product-type.bundle.unit-test";
		};
/* End PBXNativeTarget section */

/* Begin PBXProject section */
		6003F582195388D10070C39A /* Project object */ = {
			isa = PBXProject;
			attributes = {
				CLASSPREFIX = GHL;
				LastUpgradeCheck = 0720;
				ORGANIZATIONNAME = gonghonglou;
				TargetAttributes = {
					6003F589195388D20070C39A = {
						DevelopmentTeam = WEA9M6LGWM;
					};
					6003F5AD195388D20070C39A = {
						TestTargetID = 6003F589195388D20070C39A;
					};
				};
			};
			buildConfigurationList = 6003F585195388D10070C39A /* Build configuration list for PBXProject "GHLCrashGuard" */;
			compatibilityVersion = "Xcode 3.2";
			developmentRegion = English;
			hasScannedForEncodings = 0;
			knownRegions = (
				English,
				en,
				Base,
			);
			mainGroup = 6003F581195388D10070C39A;
			productRefGroup = 6003F58B195388D20070C39A /* Products */;
			projectDirPath = "";
			projectRoot = "";
			targets = (
				6003F589195388D20070C39A /* GHLCrashGuard_Example */,
				6003F5AD195388D20070C39A /* GHLCrashGuard_Tests */,
			);
		};
/* End PBXProject section */

/* Begin PBXResourcesBuildPhase section */
		6003F588195388D20070C39A /* Resources */ = {
			isa = PBXResourcesBuildPhase;
			buildActionMask = 2147483647;
			files = (
				873B8AEB1B1F5CCA007FD442 /* Main.storyboard in Resources */,
				71719F9F1E33DC2100824A3D /* LaunchScreen.storyboard in Resources */,
				6003F5A9195388D20070C39A /* Images.xcassets in Resources */,
				6003F598195388D20070C39A /* InfoPlist.strings in Resources */,
			);
			runOnlyForDeploymentPostprocessing = 0;
		};
		6003F5AC195388D20070C39A /* Resources */ = {
			isa = PBXResourcesBuildPhase;
			buildActionMask = 2147483647;
			files = (
				6003F5BA195388D20070C39A /* InfoPlist.strings in Resources */,
			);
			runOnlyForDeploymentPostprocessing = 0;
		};
/* End PBXResourcesBuildPhase section */

/* Begin PBXShellScriptBuildPhase section */
		AF35DC58D4A99EFE136B0F16 /* [CP] Check Pods Manifest.lock */ = {
			isa = PBXShellScriptBuildPhase;
			buildActionMask = 2147483647;
			files = (
			);
			inputFileListPaths = (
			);
			inputPaths = (
				"${PODS_PODFILE_DIR_PATH}/Podfile.lock",
				"${PODS_ROOT}/Manifest.lock",
			);
			name = "[CP] Check Pods Manifest.lock";
			outputFileListPaths = (
			);
			outputPaths = (
				"$(DERIVED_FILE_DIR)/Pods-GHLCrashGuard_Example-checkManifestLockResult.txt",
			);
			runOnlyForDeploymentPostprocessing = 0;
			shellPath = /bin/sh;
			shellScript = "diff \"${PODS_PODFILE_DIR_PATH}/Podfile.lock\" \"${PODS_ROOT}/Manifest.lock\" > /dev/null\nif [ $? != 0 ] ; then\n    # print error to STDERR\n    echo \"error: The sandbox is not in sync with the Podfile.lock. Run 'pod install' or update your CocoaPods installation.\" >&2\n    exit 1\nfi\n# This output is used by Xcode 'outputs' to avoid re-running this script phase.\necho \"SUCCESS\" > \"${SCRIPT_OUTPUT_FILE_0}\"\n";
			showEnvVarsInLog = 0;
		};
		CF3CDCC04672D3A920E84E11 /* [CP] Check Pods Manifest.lock */ = {
			isa = PBXShellScriptBuildPhase;
			buildActionMask = 2147483647;
			files = (
			);
			inputFileListPaths = (
			);
			inputPaths = (
				"${PODS_PODFILE_DIR_PATH}/Podfile.lock",
				"${PODS_ROOT}/Manifest.lock",
			);
			name = "[CP] Check Pods Manifest.lock";
			outputFileListPaths = (
			);
			outputPaths = (
				"$(DERIVED_FILE_DIR)/Pods-GHLCrashGuard_Tests-checkManifestLockResult.txt",
			);
			runOnlyForDeploymentPostprocessing = 0;
			shellPath = /bin/sh;
			shellScript = "diff \"${PODS_PODFILE_DIR_PATH}/Podfile.lock\" \"${PODS_ROOT}/Manifest.lock\" > /dev/null\nif [ $? != 0 ] ; then\n    # print error to STDERR\n    echo \"error: The sandbox is not in sync with the Podfile.lock. Run 'pod install' or update your CocoaPods installation.\" >&2\n    exit 1\nfi\n# This output is used by Xcode 'outputs' to avoid re-running this script phase.\necho \"SUCCESS\" > \"${SCRIPT_OUTPUT_FILE_0}\"\n";
			showEnvVarsInLog = 0;
		};
/* End PBXShellScriptBuildPhase section */

/* Begin PBXSourcesBuildPhase section */
		6003F586195388D20070C39A /* Sources */ = {
			isa = PBXSourcesBuildPhase;
			buildActionMask = 2147483647;
			files = (
				7583835422D83F3500C2AF54 /* GHLTimerViewController.m in Sources */,
				754950EB22E090B800CDE628 /* GHLTestViewB.m in Sources */,
				6003F59E195388D20070C39A /* GHLAppDelegate.m in Sources */,
				6003F5A7195388D20070C39A /* GHLViewController.m in Sources */,
				6003F59A195388D20070C39A /* main.m in Sources */,
				7583837322DE1FE200C2AF54 /* GHLViewController+A.m in Sources */,
				75D369A822D340340086B2C6 /* GHLTestObject.m in Sources */,
				7523DFD222DF14D900FAD725 /* GHLTestView.m in Sources */,
				754950EE22E091CC00CDE628 /* UIView+GHLTouch.m in Sources */,
				754950E822E090AB00CDE628 /* GHLTestViewA.m in Sources */,
				7583835722D9BCAE00C2AF54 /* GHLKVOViewController.m in Sources */,
			);
			runOnlyForDeploymentPostprocessing = 0;
		};
		6003F5AA195388D20070C39A /* Sources */ = {
			isa = PBXSourcesBuildPhase;
			buildActionMask = 2147483647;
			files = (
				6003F5BC195388D20070C39A /* Tests.m in Sources */,
			);
			runOnlyForDeploymentPostprocessing = 0;
		};
/* End PBXSourcesBuildPhase section */

/* Begin PBXTargetDependency section */
		6003F5B4195388D20070C39A /* PBXTargetDependency */ = {
			isa = PBXTargetDependency;
			target = 6003F589195388D20070C39A /* GHLCrashGuard_Example */;
			targetProxy = 6003F5B3195388D20070C39A /* PBXContainerItemProxy */;
		};
/* End PBXTargetDependency section */

/* Begin PBXVariantGroup section */
		6003F596195388D20070C39A /* InfoPlist.strings */ = {
			isa = PBXVariantGroup;
			children = (
				6003F597195388D20070C39A /* en */,
			);
			name = InfoPlist.strings;
			sourceTree = "<group>";
		};
		6003F5B8195388D20070C39A /* InfoPlist.strings */ = {
			isa = PBXVariantGroup;
			children = (
				6003F5B9195388D20070C39A /* en */,
			);
			name = InfoPlist.strings;
			sourceTree = "<group>";
		};
		71719F9D1E33DC2100824A3D /* LaunchScreen.storyboard */ = {
			isa = PBXVariantGroup;
			children = (
				71719F9E1E33DC2100824A3D /* Base */,
			);
			name = LaunchScreen.storyboard;
			sourceTree = "<group>";
		};
/* End PBXVariantGroup section */

/* Begin XCBuildConfiguration section */
		6003F5BD195388D20070C39A /* Debug */ = {
			isa = XCBuildConfiguration;
			buildSettings = {
				ALWAYS_SEARCH_USER_PATHS = NO;
				CLANG_CXX_LANGUAGE_STANDARD = "gnu++0x";
				CLANG_CXX_LIBRARY = "libc++";
				CLANG_ENABLE_MODULES = YES;
				CLANG_ENABLE_OBJC_ARC = YES;
				CLANG_WARN_BOOL_CONVERSION = YES;
				CLANG_WARN_CONSTANT_CONVERSION = YES;
				CLANG_WARN_DIRECT_OBJC_ISA_USAGE = YES_ERROR;
				CLANG_WARN_EMPTY_BODY = YES;
				CLANG_WARN_ENUM_CONVERSION = YES;
				CLANG_WARN_INT_CONVERSION = YES;
				CLANG_WARN_OBJC_ROOT_CLASS = YES_ERROR;
				CLANG_WARN__DUPLICATE_METHOD_MATCH = YES;
				"CODE_SIGN_IDENTITY[sdk=iphoneos*]" = "iPhone Developer";
				COPY_PHASE_STRIP = NO;
				ENABLE_TESTABILITY = YES;
				GCC_C_LANGUAGE_STANDARD = gnu99;
				GCC_DYNAMIC_NO_PIC = NO;
				GCC_OPTIMIZATION_LEVEL = 0;
				GCC_PREPROCESSOR_DEFINITIONS = (
					"DEBUG=1",
					"$(inherited)",
				);
				GCC_SYMBOLS_PRIVATE_EXTERN = NO;
				GCC_WARN_64_TO_32_BIT_CONVERSION = YES;
				GCC_WARN_ABOUT_RETURN_TYPE = YES_ERROR;
				GCC_WARN_UNDECLARED_SELECTOR = YES;
				GCC_WARN_UNINITIALIZED_AUTOS = YES_AGGRESSIVE;
				GCC_WARN_UNUSED_FUNCTION = YES;
				GCC_WARN_UNUSED_VARIABLE = YES;
				IPHONEOS_DEPLOYMENT_TARGET = 9.3;
				ONLY_ACTIVE_ARCH = YES;
				SDKROOT = iphoneos;
				TARGETED_DEVICE_FAMILY = "1,2";
			};
			name = Debug;
		};
		6003F5BE195388D20070C39A /* Release */ = {
			isa = XCBuildConfiguration;
			buildSettings = {
				ALWAYS_SEARCH_USER_PATHS = NO;
				CLANG_CXX_LANGUAGE_STANDARD = "gnu++0x";
				CLANG_CXX_LIBRARY = "libc++";
				CLANG_ENABLE_MODULES = YES;
				CLANG_ENABLE_OBJC_ARC = YES;
				CLANG_WARN_BOOL_CONVERSION = YES;
				CLANG_WARN_CONSTANT_CONVERSION = YES;
				CLANG_WARN_DIRECT_OBJC_ISA_USAGE = YES_ERROR;
				CLANG_WARN_EMPTY_BODY = YES;
				CLANG_WARN_ENUM_CONVERSION = YES;
				CLANG_WARN_INT_CONVERSION = YES;
				CLANG_WARN_OBJC_ROOT_CLASS = YES_ERROR;
				CLANG_WARN__DUPLICATE_METHOD_MATCH = YES;
				"CODE_SIGN_IDENTITY[sdk=iphoneos*]" = "iPhone Developer";
				COPY_PHASE_STRIP = YES;
				ENABLE_NS_ASSERTIONS = NO;
				GCC_C_LANGUAGE_STANDARD = gnu99;
				GCC_WARN_64_TO_32_BIT_CONVERSION = YES;
				GCC_WARN_ABOUT_RETURN_TYPE = YES_ERROR;
				GCC_WARN_UNDECLARED_SELECTOR = YES;
				GCC_WARN_UNINITIALIZED_AUTOS = YES_AGGRESSIVE;
				GCC_WARN_UNUSED_FUNCTION = YES;
				GCC_WARN_UNUSED_VARIABLE = YES;
				IPHONEOS_DEPLOYMENT_TARGET = 9.3;
				SDKROOT = iphoneos;
				TARGETED_DEVICE_FAMILY = "1,2";
				VALIDATE_PRODUCT = YES;
			};
			name = Release;
		};
		6003F5C0195388D20070C39A /* Debug */ = {
			isa = XCBuildConfiguration;
			baseConfigurationReference = 747B3EAEB0BAFB769F6E862E /* Pods-GHLCrashGuard_Example.debug.xcconfig */;
			buildSettings = {
				ASSETCATALOG_COMPILER_APPICON_NAME = AppIcon;
				DEVELOPMENT_TEAM = WEA9M6LGWM;
				GCC_PRECOMPILE_PREFIX_HEADER = YES;
				GCC_PREFIX_HEADER = "GHLCrashGuard/GHLCrashGuard-Prefix.pch";
				INFOPLIST_FILE = "GHLCrashGuard/GHLCrashGuard-Info.plist";
				IPHONEOS_DEPLOYMENT_TARGET = 8.0;
				MODULE_NAME = ExampleApp;
				PRODUCT_BUNDLE_IDENTIFIER = "org.cocoapods.demo.${PRODUCT_NAME:rfc1034identifier}";
				PRODUCT_NAME = "$(TARGET_NAME)";
				SWIFT_VERSION = 4.0;
				WRAPPER_EXTENSION = app;
			};
			name = Debug;
		};
		6003F5C1195388D20070C39A /* Release */ = {
			isa = XCBuildConfiguration;
			baseConfigurationReference = FDD4932E4ADDD866C20570E2 /* Pods-GHLCrashGuard_Example.release.xcconfig */;
			buildSettings = {
				ASSETCATALOG_COMPILER_APPICON_NAME = AppIcon;
				DEVELOPMENT_TEAM = WEA9M6LGWM;
				GCC_PRECOMPILE_PREFIX_HEADER = YES;
				GCC_PREFIX_HEADER = "GHLCrashGuard/GHLCrashGuard-Prefix.pch";
				INFOPLIST_FILE = "GHLCrashGuard/GHLCrashGuard-Info.plist";
				IPHONEOS_DEPLOYMENT_TARGET = 8.0;
				MODULE_NAME = ExampleApp;
				PRODUCT_BUNDLE_IDENTIFIER = "org.cocoapods.demo.${PRODUCT_NAME:rfc1034identifier}";
				PRODUCT_NAME = "$(TARGET_NAME)";
				SWIFT_VERSION = 4.0;
				WRAPPER_EXTENSION = app;
			};
			name = Release;
		};
		6003F5C3195388D20070C39A /* Debug */ = {
			isa = XCBuildConfiguration;
			baseConfigurationReference = 9765D9FBB5C63460279CE2AD /* Pods-GHLCrashGuard_Tests.debug.xcconfig */;
			buildSettings = {
				BUNDLE_LOADER = "$(TEST_HOST)";
				FRAMEWORK_SEARCH_PATHS = (
					"$(PLATFORM_DIR)/Developer/Library/Frameworks",
					"$(inherited)",
					"$(DEVELOPER_FRAMEWORKS_DIR)",
				);
				GCC_PRECOMPILE_PREFIX_HEADER = YES;
				GCC_PREFIX_HEADER = "Tests/Tests-Prefix.pch";
				GCC_PREPROCESSOR_DEFINITIONS = (
					"DEBUG=1",
					"$(inherited)",
				);
				INFOPLIST_FILE = "Tests/Tests-Info.plist";
				PRODUCT_BUNDLE_IDENTIFIER = "org.cocoapods.demo.${PRODUCT_NAME:rfc1034identifier}";
				PRODUCT_NAME = "$(TARGET_NAME)";
				SWIFT_VERSION = 4.0;
				TEST_HOST = "$(BUILT_PRODUCTS_DIR)/GHLCrashGuard_Example.app/GHLCrashGuard_Example";
				WRAPPER_EXTENSION = xctest;
			};
			name = Debug;
		};
		6003F5C4195388D20070C39A /* Release */ = {
			isa = XCBuildConfiguration;
			baseConfigurationReference = CFD89B957A73A44DF61CC07D /* Pods-GHLCrashGuard_Tests.release.xcconfig */;
			buildSettings = {
				BUNDLE_LOADER = "$(TEST_HOST)";
				FRAMEWORK_SEARCH_PATHS = (
					"$(PLATFORM_DIR)/Developer/Library/Frameworks",
					"$(inherited)",
					"$(DEVELOPER_FRAMEWORKS_DIR)",
				);
				GCC_PRECOMPILE_PREFIX_HEADER = YES;
				GCC_PREFIX_HEADER = "Tests/Tests-Prefix.pch";
				INFOPLIST_FILE = "Tests/Tests-Info.plist";
				PRODUCT_BUNDLE_IDENTIFIER = "org.cocoapods.demo.${PRODUCT_NAME:rfc1034identifier}";
				PRODUCT_NAME = "$(TARGET_NAME)";
				SWIFT_VERSION = 4.0;
				TEST_HOST = "$(BUILT_PRODUCTS_DIR)/GHLCrashGuard_Example.app/GHLCrashGuard_Example";
				WRAPPER_EXTENSION = xctest;
			};
			name = Release;
		};
/* End XCBuildConfiguration section */

/* Begin XCConfigurationList section */
		6003F585195388D10070C39A /* Build configuration list for PBXProject "GHLCrashGuard" */ = {
			isa = XCConfigurationList;
			buildConfigurations = (
				6003F5BD195388D20070C39A /* Debug */,
				6003F5BE195388D20070C39A /* Release */,
			);
			defaultConfigurationIsVisible = 0;
			defaultConfigurationName = Release;
		};
		6003F5BF195388D20070C39A /* Build configuration list for PBXNativeTarget "GHLCrashGuard_Example" */ = {
			isa = XCConfigurationList;
			buildConfigurations = (
				6003F5C0195388D20070C39A /* Debug */,
				6003F5C1195388D20070C39A /* Release */,
			);
			defaultConfigurationIsVisible = 0;
			defaultConfigurationName = Release;
		};
		6003F5C2195388D20070C39A /* Build configuration list for PBXNativeTarget "GHLCrashGuard_Tests" */ = {
			isa = XCConfigurationList;
			buildConfigurations = (
				6003F5C3195388D20070C39A /* Debug */,
				6003F5C4195388D20070C39A /* Release */,
			);
			defaultConfigurationIsVisible = 0;
			defaultConfigurationName = Release;
		};
/* End XCConfigurationList section */
	};
	rootObject = 6003F582195388D10070C39A /* Project object */;
}
